{
  "originHash" : "d3de7dd3b5dc29ab9f31336de1c85fc93c19b1ae7d134b71df413aa685ab2ac1",
  "pins" : [
    {
      "identity" : "dswaveformimage",
      "kind" : "remoteSourceControl",
      "location" : "https://github.com/dmrschmidt/DSWaveformImage",
      "state" : {
        "revision" : "00afb7930863b9cc3bd011389d601735e548093c",
        "version" : "14.5.0"
      }
    }
  ],
  "version" : 3
}
